
Microsoft Visual Studio Solution File, Format Version 12.00
# Visual Studio Version 16
VisualStudioVersion = 16.0.31515.178
MinimumVisualStudioVersion = 10.0.40219.1
Project("{9A19103F-16F7-4668-BE54-9A1E7A4F7556}") = "Test_1", "Test_1\Test_1.csproj", "{C7984D64-DA3D-4399-BF63-BA04CE89994B}"
EndProject
Global
	GlobalSection(SolutionConfigurationPlatforms) = preSolution
		Debug|Any CPU = Debug|Any CPU
		Release|Any CPU = Release|Any CPU
	EndGlobalSection
	GlobalSection(ProjectConfigurationPlatforms) = postSolution
		{C7984D64-DA3D-4399-BF63-BA04CE89994B}.Debug|Any CPU.ActiveCfg = Debug|Any CPU
		{C7984D64-DA3D-4399-BF63-BA04CE89994B}.Debug|Any CPU.Build.0 = Debug|Any CPU
		{C7984D64-DA3D-4399-BF63-BA04CE89994B}.Release|Any CPU.ActiveCfg = Release|Any CPU
		{C7984D64-DA3D-4399-BF63-BA04CE89994B}.Release|Any CPU.Build.0 = Release|Any CPU
	EndGlobalSection
	GlobalSection(SolutionProperties) = preSolution
		HideSolutionNode = FALSE
	EndGlobalSection
	GlobalSection(ExtensibilityGlobals) = postSolution
		SolutionGuid = {3DE04BC6-FC54-4EA2-9AEF-AD64A0CDC692}
	EndGlobalSection
EndGlobal
